
Microsoft Visual Studio Solution File, Format Version 12.00
# Visual Studio Version 17
VisualStudioVersion = 17.3.32929.385
MinimumVisualStudioVersion = 10.0.40219.1
Project("{FAE04EC0-301F-11D3-BF4B-00C04F79EFBC}") = "Medicio", "Medicio\Medicio.csproj", "{FBD0B8DB-A1F1-4D98-9403-44D59C691D7B}"
EndProject
Global
	GlobalSection(SolutionConfigurationPlatforms) = preSolution
		Debug|Any CPU = Debug|Any CPU
		Release|Any CPU = Release|Any CPU
	EndGlobalSection
	GlobalSection(ProjectConfigurationPlatforms) = postSolution
		{FBD0B8DB-A1F1-4D98-9403-44D59C691D7B}.Debug|Any CPU.ActiveCfg = Debug|Any CPU
		{FBD0B8DB-A1F1-4D98-9403-44D59C691D7B}.Debug|Any CPU.Build.0 = Debug|Any CPU
		{FBD0B8DB-A1F1-4D98-9403-44D59C691D7B}.Release|Any CPU.ActiveCfg = Release|Any CPU
		{FBD0B8DB-A1F1-4D98-9403-44D59C691D7B}.Release|Any CPU.Build.0 = Release|Any CPU
	EndGlobalSection
	GlobalSection(SolutionProperties) = preSolution
		HideSolutionNode = FALSE
	EndGlobalSection
	GlobalSection(ExtensibilityGlobals) = postSolution
		SolutionGuid = {6AEAEA3D-ED94-4D72-8400-5A79CE9A47A4}
	EndGlobalSection
EndGlobal
